
Microsoft Visual Studio Solution File, Format Version 12.00
# Visual Studio Version 17
VisualStudioVersion = 17.4.33103.184
MinimumVisualStudioVersion = 10.0.40219.1
Project("{FAE04EC0-301F-11D3-BF4B-00C04F79EFBC}") = "StudentDiary", "StudentDiary.csproj", "{AEF5A968-DF02-4B26-9B4B-206003565040}"
EndProject
Global
	GlobalSection(SolutionConfigurationPlatforms) = preSolution
		Debug|Any CPU = Debug|Any CPU
		Release|Any CPU = Release|Any CPU
	EndGlobalSection
	GlobalSection(ProjectConfigurationPlatforms) = postSolution
		{AEF5A968-DF02-4B26-9B4B-206003565040}.Debug|Any CPU.ActiveCfg = Debug|Any CPU
		{AEF5A968-DF02-4B26-9B4B-206003565040}.Debug|Any CPU.Build.0 = Debug|Any CPU
		{AEF5A968-DF02-4B26-9B4B-206003565040}.Release|Any CPU.ActiveCfg = Release|Any CPU
		{AEF5A968-DF02-4B26-9B4B-206003565040}.Release|Any CPU.Build.0 = Release|Any CPU
	EndGlobalSection
	GlobalSection(SolutionProperties) = preSolution
		HideSolutionNode = FALSE
	EndGlobalSection
	GlobalSection(ExtensibilityGlobals) = postSolution
		SolutionGuid = {2CE68A39-DA43-4D18-BB5E-3DC155C2F1F1}
	EndGlobalSection
EndGlobal
